
Microsoft Visual Studio Solution File, Format Version 12.00
# Visual Studio Version 17
VisualStudioVersion = 17.9.34714.143
MinimumVisualStudioVersion = 10.0.40219.1
Project("{FAE04EC0-301F-11D3-BF4B-00C04F79EFBC}") = "BMICALCULATE", "BMICALCULATE\BMICALCULATE.csproj", "{ADD5FC4A-0474-47BB-9348-F254A07B0E90}"
EndProject
Global
	GlobalSection(SolutionConfigurationPlatforms) = preSolution
		Debug|Any CPU = Debug|Any CPU
		Release|Any CPU = Release|Any CPU
	EndGlobalSection
	GlobalSection(ProjectConfigurationPlatforms) = postSolution
		{ADD5FC4A-0474-47BB-9348-F254A07B0E90}.Debug|Any CPU.ActiveCfg = Debug|Any CPU
		{ADD5FC4A-0474-47BB-9348-F254A07B0E90}.Debug|Any CPU.Build.0 = Debug|Any CPU
		{ADD5FC4A-0474-47BB-9348-F254A07B0E90}.Release|Any CPU.ActiveCfg = Release|Any CPU
		{ADD5FC4A-0474-47BB-9348-F254A07B0E90}.Release|Any CPU.Build.0 = Release|Any CPU
	EndGlobalSection
	GlobalSection(SolutionProperties) = preSolution
		HideSolutionNode = FALSE
	EndGlobalSection
	GlobalSection(ExtensibilityGlobals) = postSolution
		SolutionGuid = {84C5DA5C-B1E4-4084-905B-03CADEDD36CE}
	EndGlobalSection
EndGlobal
